// !$*UTF8*$!
{
	archiveVersion = 1;
	classes = {
	};
	objectVersion = 50;
	objects = {

/* Begin PBXBuildFile section */
		7BC1028320E0D41A00A0239F /* AppDelegate.swift in Sources */ = {isa = PBXBuildFile; fileRef = 7BC1028220E0D41A00A0239F /* AppDelegate.swift */; };
		7BC1028520E0D41A00A0239F /* ViewController.swift in Sources */ = {isa = PBXBuildFile; fileRef = 7BC1028420E0D41A00A0239F /* ViewController.swift */; };
		7BC1028820E0D41A00A0239F /* Main.storyboard in Resources */ = {isa = PBXBuildFile; fileRef = 7BC1028620E0D41A00A0239F /* Main.storyboard */; };
		7BC1028A20E0D42000A0239F /* Assets.xcassets in Resources */ = {isa = PBXBuildFile; fileRef = 7BC1028920E0D42000A0239F /* Assets.xcassets */; };
		7BC1028D20E0D42000A0239F /* LaunchScreen.storyboard in Resources */ = {isa = PBXBuildFile; fileRef = 7BC1028B20E0D42000A0239F /* LaunchScreen.storyboard */; };
		7BC1029820E0D42000A0239F /* SillySongTests.swift in Sources */ = {isa = PBXBuildFile; fileRef = 7BC1029720E0D42000A0239F /* SillySongTests.swift */; };
		7BC102A320E0D42000A0239F /* SillySongUITests.swift in Sources */ = {isa = PBXBuildFile; fileRef = 7BC102A220E0D42000A0239F /* SillySongUITests.swift */; };
/* End PBXBuildFile section */

/* Begin PBXContainerItemProxy section */
		7BC1029420E0D42000A0239F /* PBXContainerItemProxy */ = {
			isa = PBXContainerItemProxy;
			containerPortal = 7BC1027720E0D41A00A0239F /* Project object */;
			proxyType = 1;
			remoteGlobalIDString = 7BC1027E20E0D41A00A0239F;
			remoteInfo = SillySong;
		};
		7BC1029F20E0D42000A0239F /* PBXContainerItemProxy */ = {
			isa = PBXContainerItemProxy;
			containerPortal = 7BC1027720E0D41A00A0239F /* Project object */;
			proxyType = 1;
			remoteGlobalIDString = 7BC1027E20E0D41A00A0239F;
			remoteInfo = SillySong;
		};
/* End PBXContainerItemProxy section */

/* Begin PBXFileReference section */
		7BC1027F20E0D41A00A0239F /* SillySong.app */ = {isa = PBXFileReference; explicitFileType = wrapper.application; includeInIndex = 0; path = SillySong.app; sourceTree = BUILT_PRODUCTS_DIR; };
		7BC1028220E0D41A00A0239F /* AppDelegate.swift */ = {isa = PBXFileReference; lastKnownFileType = sourcecode.swift; path = AppDelegate.swift; sourceTree = "<group>"; };
		7BC1028420E0D41A00A0239F /* ViewController.swift */ = {isa = PBXFileReference; lastKnownFileType = sourcecode.swift; path = ViewController.swift; sourceTree = "<group>"; };
		7BC1028720E0D41A00A0239F /* Base */ = {isa = PBXFileReference; lastKnownFileType = file.storyboard; name = Base; path = Base.lproj/Main.storyboard; sourceTree = "<group>"; };
		7BC1028920E0D42000A0239F /* Assets.xcassets */ = {isa = PBXFileReference; lastKnownFileType = folder.assetcatalog; path = Assets.xcassets; sourceTree = "<group>"; };
		7BC1028C20E0D42000A0239F /* Base */ = {isa = PBXFileReference; lastKnownFileType = file.storyboard; name = Base; path = Base.lproj/LaunchScreen.storyboard; sourceTree = "<group>"; };
		7BC1028E20E0D42000A0239F /* Info.plist */ = {isa = PBXFileReference; lastKnownFileType = text.plist.xml; path = Info.plist; sourceTree = "<group>"; };
		7BC1029320E0D42000A0239F /* SillySongTests.xctest */ = {isa = PBXFileReference; explicitFileType = wrapper.cfbundle; includeInIndex = 0; path = SillySongTests.xctest; sourceTree = BUILT_PRODUCTS_DIR; };
		7BC1029720E0D42000A0239F /* SillySongTests.swift */ = {isa = PBXFileReference; lastKnownFileType = sourcecode.swift; path = SillySongTests.swift; sourceTree = "<group>"; };
		7BC1029920E0D42000A0239F /* Info.plist */ = {isa = PBXFileReference; lastKnownFileType = text.plist.xml; path = Info.plist; sourceTree = "<group>"; };
		7BC1029E20E0D42000A0239F /* SillySongUITests.xctest */ = {isa = PBXFileReference; explicitFileType = wrapper.cfbundle; includeInIndex = 0; path = SillySongUITests.xctest; sourceTree = BUILT_PRODUCTS_DIR; };
		7BC102A220E0D42000A0239F /* SillySongUITests.swift */ = {isa = PBXFileReference; lastKnownFileType = sourcecode.swift; path = SillySongUITests.swift; sourceTree = "<group>"; };
		7BC102A420E0D42000A0239F /* Info.plist */ = {isa = PBXFileReference; lastKnownFileType = text.plist.xml; path = Info.plist; sourceTree = "<group>"; };
/* End PBXFileReference section */

/* Begin PBXFrameworksBuildPhase section */
		7BC1027C20E0D41A00A0239F /* Frameworks */ = {
			isa = PBXFrameworksBuildPhase;
			buildActionMask = 2147483647;
			files = (
			);
			runOnlyForDeploymentPostprocessing = 0;
		};
		7BC1029020E0D42000A0239F /* Frameworks */ = {
			isa = PBXFrameworksBuildPhase;
			buildActionMask = 2147483647;
			files = (
			);
			runOnlyForDeploymentPostprocessing = 0;
		};
		7BC1029B20E0D42000A0239F /* Frameworks */ = {
			isa = PBXFrameworksBuildPhase;
			buildActionMask = 2147483647;
			files = (
			);
			runOnlyForDeploymentPostprocessing = 0;
		};
/* End PBXFrameworksBuildPhase section */

/* Begin PBXGroup section */
		7BC1027620E0D41A00A0239F = {
			isa = PBXGroup;
			children = (
				7BC1028120E0D41A00A0239F /* SillySong */,
				7BC1029620E0D42000A0239F /* SillySongTests */,
				7BC102A120E0D42000A0239F /* SillySongUITests */,
				7BC1028020E0D41A00A0239F /* Products */,
			);
			sourceTree = "<group>";
		};
		7BC1028020E0D41A00A0239F /* Products */ = {
			isa = PBXGroup;
			children = (
				7BC1027F20E0D41A00A0239F /* SillySong.app */,
				7BC1029320E0D42000A0239F /* SillySongTests.xctest */,
				7BC1029E20E0D42000A0239F /* SillySongUITests.xctest */,
			);
			name = Products;
			sourceTree = "<group>";
		};
		7BC1028120E0D41A00A0239F /* SillySong */ = {
			isa = PBXGroup;
			children = (
				7BC1028220E0D41A00A0239F /* AppDelegate.swift */,
				7BC1028420E0D41A00A0239F /* ViewController.swift */,
				7BC1028620E0D41A00A0239F /* Main.storyboard */,
				7BC1028920E0D42000A0239F /* Assets.xcassets */,
				7BC1028B20E0D42000A0239F /* LaunchScreen.storyboard */,
				7BC1028E20E0D42000A0239F /* Info.plist */,
			);
			path = SillySong;
			sourceTree = "<group>";
		};
		7BC1029620E0D42000A0239F /* SillySongTests */ = {
			isa = PBXGroup;
			children = (
				7BC1029720E0D42000A0239F /* SillySongTests.swift */,
				7BC1029920E0D42000A0239F /* Info.plist */,
			);
			path = SillySongTests;
			sourceTree = "<group>";
		};
		7BC102A120E0D42000A0239F /* SillySongUITests */ = {
			isa = PBXGroup;
			children = (
				7BC102A220E0D42000A0239F /* SillySongUITests.swift */,
				7BC102A420E0D42000A0239F /* Info.plist */,
			);
			path = SillySongUITests;
			sourceTree = "<group>";
		};
/* End PBXGroup section */

/* Begin PBXNativeTarget section */
		7BC1027E20E0D41A00A0239F /* SillySong */ = {
			isa = PBXNativeTarget;
			buildConfigurationList = 7BC102A720E0D42000A0239F /* Build configuration list for PBXNativeTarget "SillySong" */;
			buildPhases = (
				7BC1027B20E0D41A00A0239F /* Sources */,
				7BC1027C20E0D41A00A0239F /* Frameworks */,
				7BC1027D20E0D41A00A0239F /* Resources */,
			);
			buildRules = (
			);
			dependencies = (
			);
			name = SillySong;
			productName = SillySong;
			productReference = 7BC1027F20E0D41A00A0239F /* SillySong.app */;
			productType = "com.apple.product-type.application";
		};
		7BC1029220E0D42000A0239F /* SillySongTests */ = {
			isa = PBXNativeTarget;
			buildConfigurationList = 7BC102AA20E0D42000A0239F /* Build configuration list for PBXNativeTarget "SillySongTests" */;
			buildPhases = (
				7BC1028F20E0D42000A0239F /* Sources */,
				7BC1029020E0D42000A0239F /* Frameworks */,
				7BC1029120E0D42000A0239F /* Resources */,
			);
			buildRules = (
			);
			dependencies = (
				7BC1029520E0D42000A0239F /* PBXTargetDependency */,
			);
			name = SillySongTests;
			productName = SillySongTests;
			productReference = 7BC1029320E0D42000A0239F /* SillySongTests.xctest */;
			productType = "com.apple.product-type.bundle.unit-test";
		};
		7BC1029D20E0D42000A0239F /* SillySongUITests */ = {
			isa = PBXNativeTarget;
			buildConfigurationList = 7BC102AD20E0D42000A0239F /* Build configuration list for PBXNativeTarget "SillySongUITests" */;
			buildPhases = (
				7BC1029A20E0D42000A0239F /* Sources */,
				7BC1029B20E0D42000A0239F /* Frameworks */,
				7BC1029C20E0D42000A0239F /* Resources */,
			);
			buildRules = (
			);
			dependencies = (
				7BC102A020E0D42000A0239F /* PBXTargetDependency */,
			);
			name = SillySongUITests;
			productName = SillySongUITests;
			productReference = 7BC1029E20E0D42000A0239F /* SillySongUITests.xctest */;
			productType = "com.apple.product-type.bundle.ui-testing";
		};
/* End PBXNativeTarget section */

/* Begin PBXProject section */
		7BC1027720E0D41A00A0239F /* Project object */ = {
			isa = PBXProject;
			attributes = {
				LastSwiftUpdateCheck = 0940;
				LastUpgradeCheck = 0940;
				ORGANIZATIONNAME = "Joshua Quinn";
				TargetAttributes = {
					7BC1027E20E0D41A00A0239F = {
						CreatedOnToolsVersion = 9.4.1;
					};
					7BC1029220E0D42000A0239F = {
						CreatedOnToolsVersion = 9.4.1;
						TestTargetID = 7BC1027E20E0D41A00A0239F;
					};
					7BC1029D20E0D42000A0239F = {
						CreatedOnToolsVersion = 9.4.1;
						TestTargetID = 7BC1027E20E0D41A00A0239F;
					};
				};
			};
			buildConfigurationList = 7BC1027A20E0D41A00A0239F /* Build configuration list for PBXProject "SillySong" */;
			compatibilityVersion = "Xcode 9.3";
			developmentRegion = en;
			hasScannedForEncodings = 0;
			knownRegions = (
				en,
				Base,
			);
			mainGroup = 7BC1027620E0D41A00A0239F;
			productRefGroup = 7BC1028020E0D41A00A0239F /* Products */;
			projectDirPath = "";
			projectRoot = "";
			targets = (
				7BC1027E20E0D41A00A0239F /* SillySong */,
				7BC1029220E0D42000A0239F /* SillySongTests */,
				7BC1029D20E0D42000A0239F /* SillySongUITests */,
			);
		};
/* End PBXProject section */

/* Begin PBXResourcesBuildPhase section */
		7BC1027D20E0D41A00A0239F /* Resources */ = {
			isa = PBXResourcesBuildPhase;
			buildActionMask = 2147483647;
			files = (
				7BC1028D20E0D42000A0239F /* LaunchScreen.storyboard in Resources */,
				7BC1028A20E0D42000A0239F /* Assets.xcassets in Resources */,
				7BC1028820E0D41A00A0239F /* Main.storyboard in Resources */,
			);
			runOnlyForDeploymentPostprocessing = 0;
		};
		7BC1029120E0D42000A0239F /* Resources */ = {
			isa = PBXResourcesBuildPhase;
			buildActionMask = 2147483647;
			files = (
			);
			runOnlyForDeploymentPostprocessing = 0;
		};
		7BC1029C20E0D42000A0239F /* Resources */ = {
			isa = PBXResourcesBuildPhase;
			buildActionMask = 2147483647;
			files = (
			);
			runOnlyForDeploymentPostprocessing = 0;
		};
/* End PBXResourcesBuildPhase section */

/* Begin PBXSourcesBuildPhase section */
		7BC1027B20E0D41A00A0239F /* Sources */ = {
			isa = PBXSourcesBuildPhase;
			buildActionMask = 2147483647;
			files = (
				7BC1028520E0D41A00A0239F /* ViewController.swift in Sources */,
				7BC1028320E0D41A00A0239F /* AppDelegate.swift in Sources */,
			);
			runOnlyForDeploymentPostprocessing = 0;
		};
		7BC1028F20E0D42000A0239F /* Sources */ = {
			isa = PBXSourcesBuildPhase;
			buildActionMask = 2147483647;
			files = (
				7BC1029820E0D42000A0239F /* SillySongTests.swift in Sources */,
			);
			runOnlyForDeploymentPostprocessing = 0;
		};
		7BC1029A20E0D42000A0239F /* Sources */ = {
			isa = PBXSourcesBuildPhase;
			buildActionMask = 2147483647;
			files = (
				7BC102A320E0D42000A0239F /* SillySongUITests.swift in Sources */,
			);
			runOnlyForDeploymentPostprocessing = 0;
		};
/* End PBXSourcesBuildPhase section */

/* Begin PBXTargetDependency section */
		7BC1029520E0D42000A0239F /* PBXTargetDependency */ = {
			isa = PBXTargetDependency;
			target = 7BC1027E20E0D41A00A0239F /* SillySong */;
			targetProxy = 7BC1029420E0D42000A0239F /* PBXContainerItemProxy */;
		};
		7BC102A020E0D42000A0239F /* PBXTargetDependency */ = {
			isa = PBXTargetDependency;
			target = 7BC1027E20E0D41A00A0239F /* SillySong */;
			targetProxy = 7BC1029F20E0D42000A0239F /* PBXContainerItemProxy */;
		};
/* End PBXTargetDependency section */

/* Begin PBXVariantGroup section */
		7BC1028620E0D41A00A0239F /* Main.storyboard */ = {
			isa = PBXVariantGroup;
			children = (
				7BC1028720E0D41A00A0239F /* Base */,
			);
			name = Main.storyboard;
			sourceTree = "<group>";
		};
		7BC1028B20E0D42000A0239F /* LaunchScreen.storyboard */ = {
			isa = PBXVariantGroup;
			children = (
				7BC1028C20E0D42000A0239F /* Base */,
			);
			name = LaunchScreen.storyboard;
			sourceTree = "<group>";
		};
/* End PBXVariantGroup section */

/* Begin XCBuildConfiguration section */
		7BC102A520E0D42000A0239F /* Debug */ = {
			isa = XCBuildConfiguration;
			buildSettings = {
				ALWAYS_SEARCH_USER_PATHS = NO;
				CLANG_ANALYZER_NONNULL = YES;
				CLANG_ANALYZER_NUMBER_OBJECT_CONVERSION = YES_AGGRESSIVE;
				CLANG_CXX_LANGUAGE_STANDARD = "gnu++14";
				CLANG_CXX_LIBRARY = "libc++";
				CLANG_ENABLE_MODULES = YES;
				CLANG_ENABLE_OBJC_ARC = YES;
				CLANG_ENABLE_OBJC_WEAK = YES;
				CLANG_WARN_BLOCK_CAPTURE_AUTORELEASING = YES;
				CLANG_WARN_BOOL_CONVERSION = YES;
				CLANG_WARN_COMMA = YES;
				CLANG_WARN_CONSTANT_CONVERSION = YES;
				CLANG_WARN_DEPRECATED_OBJC_IMPLEMENTATIONS = YES;
				CLANG_WARN_DIRECT_OBJC_ISA_USAGE = YES_ERROR;
				CLANG_WARN_DOCUMENTATION_COMMENTS = YES;
				CLANG_WARN_EMPTY_BODY = YES;
				CLANG_WARN_ENUM_CONVERSION = YES;
				CLANG_WARN_INFINITE_RECURSION = YES;
				CLANG_WARN_INT_CONVERSION = YES;
				CLANG_WARN_NON_LITERAL_NULL_CONVERSION = YES;
				CLANG_WARN_OBJC_IMPLICIT_RETAIN_SELF = YES;
				CLANG_WARN_OBJC_LITERAL_CONVERSION = YES;
				CLANG_WARN_OBJC_ROOT_CLASS = YES_ERROR;
				CLANG_WARN_RANGE_LOOP_ANALYSIS = YES;
				CLANG_WARN_STRICT_PROTOTYPES = YES;
				CLANG_WARN_SUSPICIOUS_MOVE = YES;
				CLANG_WARN_UNGUARDED_AVAILABILITY = YES_AGGRESSIVE;
				CLANG_WARN_UNREACHABLE_CODE = YES;
				CLANG_WARN__DUPLICATE_METHOD_MATCH = YES;
				CODE_SIGN_IDENTITY = "iPhone Developer";
				COPY_PHASE_STRIP = NO;
				DEBUG_INFORMATION_FORMAT = dwarf;
				ENABLE_STRICT_OBJC_MSGSEND = YES;
				ENABLE_TESTABILITY = YES;
				GCC_C_LANGUAGE_STANDARD = gnu11;
				GCC_DYNAMIC_NO_PIC = NO;
				GCC_NO_COMMON_BLOCKS = YES;
				GCC_OPTIMIZATION_LEVEL = 0;
				GCC_PREPROCESSOR_DEFINITIONS = (
					"DEBUG=1",
					"$(inherited)",
				);
				GCC_WARN_64_TO_32_BIT_CONVERSION = YES;
				GCC_WARN_ABOUT_RETURN_TYPE = YES_ERROR;
				GCC_WARN_UNDECLARED_SELECTOR = YES;
				GCC_WARN_UNINITIALIZED_AUTOS = YES_AGGRESSIVE;
				GCC_WARN_UNUSED_FUNCTION = YES;
				GCC_WARN_UNUSED_VARIABLE = YES;
				IPHONEOS_DEPLOYMENT_TARGET = 11.4;
				MTL_ENABLE_DEBUG_INFO = YES;
				ONLY_ACTIVE_ARCH = YES;
				SDKROOT = iphoneos;
				SWIFT_ACTIVE_COMPILATION_CONDITIONS = DEBUG;
				SWIFT_OPTIMIZATION_LEVEL = "-Onone";
			};
			name = Debug;
		};
		7BC102A620E0D42000A0239F /* Release */ = {
			isa = XCBuildConfiguration;
			buildSettings = {
				ALWAYS_SEARCH_USER_PATHS = NO;
				CLANG_ANALYZER_NONNULL = YES;
				CLANG_ANALYZER_NUMBER_OBJECT_CONVERSION = YES_AGGRESSIVE;
				CLANG_CXX_LANGUAGE_STANDARD = "gnu++14";
				CLANG_CXX_LIBRARY = "libc++";
				CLANG_ENABLE_MODULES = YES;
				CLANG_ENABLE_OBJC_ARC = YES;
				CLANG_ENABLE_OBJC_WEAK = YES;
				CLANG_WARN_BLOCK_CAPTURE_AUTORELEASING = YES;
				CLANG_WARN_BOOL_CONVERSION = YES;
				CLANG_WARN_COMMA = YES;
				CLANG_WARN_CONSTANT_CONVERSION = YES;
				CLANG_WARN_DEPRECATED_OBJC_IMPLEMENTATIONS = YES;
				CLANG_WARN_DIRECT_OBJC_ISA_USAGE = YES_ERROR;
				CLANG_WARN_DOCUMENTATION_COMMENTS = YES;
				CLANG_WARN_EMPTY_BODY = YES;
				CLANG_WARN_ENUM_CONVERSION = YES;
				CLANG_WARN_INFINITE_RECURSION = YES;
				CLANG_WARN_INT_CONVERSION = YES;
				CLANG_WARN_NON_LITERAL_NULL_CONVERSION = YES;
				CLANG_WARN_OBJC_IMPLICIT_RETAIN_SELF = YES;
				CLANG_WARN_OBJC_LITERAL_CONVERSION = YES;
				CLANG_WARN_OBJC_ROOT_CLASS = YES_ERROR;
				CLANG_WARN_RANGE_LOOP_ANALYSIS = YES;
				CLANG_WARN_STRICT_PROTOTYPES = YES;
				CLANG_WARN_SUSPICIOUS_MOVE = YES;
				CLANG_WARN_UNGUARDED_AVAILABILITY = YES_AGGRESSIVE;
				CLANG_WARN_UNREACHABLE_CODE = YES;
				CLANG_WARN__DUPLICATE_METHOD_MATCH = YES;
				CODE_SIGN_IDENTITY = "iPhone Developer";
				COPY_PHASE_STRIP = NO;
				DEBUG_INFORMATION_FORMAT = "dwarf-with-dsym";
				ENABLE_NS_ASSERTIONS = NO;
				ENABLE_STRICT_OBJC_MSGSEND = YES;
				GCC_C_LANGUAGE_STANDARD = gnu11;
				GCC_NO_COMMON_BLOCKS = YES;
				GCC_WARN_64_TO_32_BIT_CONVERSION = YES;
				GCC_WARN_ABOUT_RETURN_TYPE = YES_ERROR;
				GCC_WARN_UNDECLARED_SELECTOR = YES;
				GCC_WARN_UNINITIALIZED_AUTOS = YES_AGGRESSIVE;
				GCC_WARN_UNUSED_FUNCTION = YES;
				GCC_WARN_UNUSED_VARIABLE = YES;
				IPHONEOS_DEPLOYMENT_TARGET = 11.4;
				MTL_ENABLE_DEBUG_INFO = NO;
				SDKROOT = iphoneos;
				SWIFT_COMPILATION_MODE = wholemodule;
				SWIFT_OPTIMIZATION_LEVEL = "-O";
				VALIDATE_PRODUCT = YES;
			};
			name = Release;
		};
		7BC102A820E0D42000A0239F /* Debug */ = {
			isa = XCBuildConfiguration;
			buildSettings = {
				ASSETCATALOG_COMPILER_APPICON_NAME = AppIcon;
				CODE_SIGN_STYLE = Automatic;
				INFOPLIST_FILE = SillySong/Info.plist;
				LD_RUNPATH_SEARCH_PATHS = (
					"$(inherited)",
					"@executable_path/Frameworks",
				);
				PRODUCT_BUNDLE_IDENTIFIER = com.potters.SillySong;
				PRODUCT_NAME = "$(TARGET_NAME)";
				SWIFT_VERSION = 4.0;
				TARGETED_DEVICE_FAMILY = "1,2";
			};
			name = Debug;
		};
		7BC102A920E0D42000A0239F /* Release */ = {
			isa = XCBuildConfiguration;
			buildSettings = {
				ASSETCATALOG_COMPILER_APPICON_NAME = AppIcon;
				CODE_SIGN_STYLE = Automatic;
				INFOPLIST_FILE = SillySong/Info.plist;
				LD_RUNPATH_SEARCH_PATHS = (
					"$(inherited)",
					"@executable_path/Frameworks",
				);
				PRODUCT_BUNDLE_IDENTIFIER = com.potters.SillySong;
				PRODUCT_NAME = "$(TARGET_NAME)";
				SWIFT_VERSION = 4.0;
				TARGETED_DEVICE_FAMILY = "1,2";
			};
			name = Release;
		};
		7BC102AB20E0D42000A0239F /* Debug */ = {
			isa = XCBuildConfiguration;
			buildSettings = {
				ALWAYS_EMBED_SWIFT_STANDARD_LIBRARIES = YES;
				BUNDLE_LOADER = "$(TEST_HOST)";
				CODE_SIGN_STYLE = Automatic;
				INFOPLIST_FILE = SillySongTests/Info.plist;
				LD_RUNPATH_SEARCH_PATHS = (
					"$(inherited)",
					"@executable_path/Frameworks",
					"@loader_path/Frameworks",
				);
				PRODUCT_BUNDLE_IDENTIFIER = com.potters.SillySongTests;
				PRODUCT_NAME = "$(TARGET_NAME)";
				SWIFT_VERSION = 4.0;
				TARGETED_DEVICE_FAMILY = "1,2";
				TEST_HOST = "$(BUILT_PRODUCTS_DIR)/SillySong.app/SillySong";
			};
			name = Debug;
		};
		7BC102AC20E0D42000A0239F /* Release */ = {
			isa = XCBuildConfiguration;
			buildSettings = {
				ALWAYS_EMBED_SWIFT_STANDARD_LIBRARIES = YES;
				BUNDLE_LOADER = "$(TEST_HOST)";
				CODE_SIGN_STYLE = Automatic;
				INFOPLIST_FILE = SillySongTests/Info.plist;
				LD_RUNPATH_SEARCH_PATHS = (
					"$(inherited)",
					"@executable_path/Frameworks",
					"@loader_path/Frameworks",
				);
				PRODUCT_BUNDLE_IDENTIFIER = com.potters.SillySongTests;
				PRODUCT_NAME = "$(TARGET_NAME)";
				SWIFT_VERSION = 4.0;
				TARGETED_DEVICE_FAMILY = "1,2";
				TEST_HOST = "$(BUILT_PRODUCTS_DIR)/SillySong.app/SillySong";
			};
			name = Release;
		};
		7BC102AE20E0D42000A0239F /* Debug */ = {
			isa = XCBuildConfiguration;
			buildSettings = {
				ALWAYS_EMBED_SWIFT_STANDARD_LIBRARIES = YES;
				CODE_SIGN_STYLE = Automatic;
				INFOPLIST_FILE = SillySongUITests/Info.plist;
				LD_RUNPATH_SEARCH_PATHS = (
					"$(inherited)",
					"@executable_path/Frameworks",
					"@loader_path/Frameworks",
				);
				PRODUCT_BUNDLE_IDENTIFIER = com.potters.SillySongUITests;
				PRODUCT_NAME = "$(TARGET_NAME)";
				SWIFT_VERSION = 4.0;
				TARGETED_DEVICE_FAMILY = "1,2";
				TEST_TARGET_NAME = SillySong;
			};
			name = Debug;
		};
		7BC102AF20E0D42000A0239F /* Release */ = {
			isa = XCBuildConfiguration;
			buildSettings = {
				ALWAYS_EMBED_SWIFT_STANDARD_LIBRARIES = YES;
				CODE_SIGN_STYLE = Automatic;
				INFOPLIST_FILE = SillySongUITests/Info.plist;
				LD_RUNPATH_SEARCH_PATHS = (
					"$(inherited)",
					"@executable_path/Frameworks",
					"@loader_path/Frameworks",
				);
				PRODUCT_BUNDLE_IDENTIFIER = com.potters.SillySongUITests;
				PRODUCT_NAME = "$(TARGET_NAME)";
				SWIFT_VERSION = 4.0;
				TARGETED_DEVICE_FAMILY = "1,2";
				TEST_TARGET_NAME = SillySong;
			};
			name = Release;
		};
/* End XCBuildConfiguration section */

/* Begin XCConfigurationList section */
		7BC1027A20E0D41A00A0239F /* Build configuration list for PBXProject "SillySong" */ = {
			isa = XCConfigurationList;
			buildConfigurations = (
				7BC102A520E0D42000A0239F /* Debug */,
				7BC102A620E0D42000A0239F /* Release */,
			);
			defaultConfigurationIsVisible = 0;
			defaultConfigurationName = Release;
		};
		7BC102A720E0D42000A0239F /* Build configuration list for PBXNativeTarget "SillySong" */ = {
			isa = XCConfigurationList;
			buildConfigurations = (
				7BC102A820E0D42000A0239F /* Debug */,
				7BC102A920E0D42000A0239F /* Release */,
			);
			defaultConfigurationIsVisible = 0;
			defaultConfigurationName = Release;
		};
		7BC102AA20E0D42000A0239F /* Build configuration list for PBXNativeTarget "SillySongTests" */ = {
			isa = XCConfigurationList;
			buildConfigurations = (
				7BC102AB20E0D42000A0239F /* Debug */,
				7BC102AC20E0D42000A0239F /* Release */,
			);
			defaultConfigurationIsVisible = 0;
			defaultConfigurationName = Release;
		};
		7BC102AD20E0D42000A0239F /* Build configuration list for PBXNativeTarget "SillySongUITests" */ = {
			isa = XCConfigurationList;
			buildConfigurations = (
				7BC102AE20E0D42000A0239F /* Debug */,
				7BC102AF20E0D42000A0239F /* Release */,
			);
			defaultConfigurationIsVisible = 0;
			defaultConfigurationName = Release;
		};
/* End XCConfigurationList section */
	};
	rootObject = 7BC1027720E0D41A00A0239F /* Project object */;
}
